
Microsoft Visual Studio Solution File, Format Version 12.00
# Visual Studio Version 17
VisualStudioVersion = 17.3.32929.385
MinimumVisualStudioVersion = 10.0.40219.1
Project("{9A19103F-16F7-4668-BE54-9A1E7A4F7556}") = "Challenge-bank-atm", "Challeng-bank-atm\Challenge-bank-atm.csproj", "{38E2EB2D-3B5D-4B0C-9747-5DC275203B4C}"
EndProject
Global
	GlobalSection(SolutionConfigurationPlatforms) = preSolution
		Debug|Any CPU = Debug|Any CPU
		Release|Any CPU = Release|Any CPU
	EndGlobalSection
	GlobalSection(ProjectConfigurationPlatforms) = postSolution
		{38E2EB2D-3B5D-4B0C-9747-5DC275203B4C}.Debug|Any CPU.ActiveCfg = Debug|Any CPU
		{38E2EB2D-3B5D-4B0C-9747-5DC275203B4C}.Debug|Any CPU.Build.0 = Debug|Any CPU
		{38E2EB2D-3B5D-4B0C-9747-5DC275203B4C}.Release|Any CPU.ActiveCfg = Release|Any CPU
		{38E2EB2D-3B5D-4B0C-9747-5DC275203B4C}.Release|Any CPU.Build.0 = Release|Any CPU
	EndGlobalSection
	GlobalSection(SolutionProperties) = preSolution
		HideSolutionNode = FALSE
	EndGlobalSection
	GlobalSection(ExtensibilityGlobals) = postSolution
		SolutionGuid = {AF17D860-D3CA-41DF-A319-79D49A433EE9}
	EndGlobalSection
EndGlobal
